
Microsoft Visual Studio Solution File, Format Version 12.00
# Visual Studio 15
Project("{FAE04EC0-301F-11D3-BF4B-00C04F79EFBC}") = "Assembly-CSharp", "Assembly-CSharp.csproj", "{630935B2-0F2B-423C-F1AB-444E0F3E652C}"
EndProject
Project("{FAE04EC0-301F-11D3-BF4B-00C04F79EFBC}") = "Assembly-CSharp-Editor", "Assembly-CSharp-Editor.csproj", "{E74253A6-B8AD-F0D3-8E51-7697594A3B6F}"
EndProject
Global
	GlobalSection(SolutionConfigurationPlatforms) = preSolution
		Debug|Any CPU = Debug|Any CPU
		Release|Any CPU = Release|Any CPU
	EndGlobalSection
	GlobalSection(ProjectConfigurationPlatforms) = postSolution
		{630935B2-0F2B-423C-F1AB-444E0F3E652C}.Debug|Any CPU.ActiveCfg = Debug|Any CPU
		{630935B2-0F2B-423C-F1AB-444E0F3E652C}.Debug|Any CPU.Build.0 = Debug|Any CPU
		{630935B2-0F2B-423C-F1AB-444E0F3E652C}.Release|Any CPU.ActiveCfg = Release|Any CPU
		{630935B2-0F2B-423C-F1AB-444E0F3E652C}.Release|Any CPU.Build.0 = Release|Any CPU
		{E74253A6-B8AD-F0D3-8E51-7697594A3B6F}.Debug|Any CPU.ActiveCfg = Debug|Any CPU
		{E74253A6-B8AD-F0D3-8E51-7697594A3B6F}.Debug|Any CPU.Build.0 = Debug|Any CPU
		{E74253A6-B8AD-F0D3-8E51-7697594A3B6F}.Release|Any CPU.ActiveCfg = Release|Any CPU
		{E74253A6-B8AD-F0D3-8E51-7697594A3B6F}.Release|Any CPU.Build.0 = Release|Any CPU
	EndGlobalSection
	GlobalSection(SolutionProperties) = preSolution
		HideSolutionNode = FALSE
	EndGlobalSection
EndGlobal
