
Microsoft Visual Studio Solution File, Format Version 11.00
# Visual Studio 2010
Project("{FAE04EC0-301F-11D3-BF4B-00C04F79EFBC}") = "Assembly-CSharp", "Assembly-CSharp.csproj", "{e3afc2f5-6f41-2e21-585b-2678af3c8532}"
EndProject
Project("{FAE04EC0-301F-11D3-BF4B-00C04F79EFBC}") = "Assembly-CSharp-Editor", "Assembly-CSharp-Editor.csproj", "{ebc9ea3b-56ba-2a71-ceeb-576b9e7a558f}"
EndProject
Global
	GlobalSection(SolutionConfigurationPlatforms) = preSolution
		Debug|Any CPU = Debug|Any CPU
	EndGlobalSection
	GlobalSection(ProjectConfigurationPlatforms) = postSolution
		{e3afc2f5-6f41-2e21-585b-2678af3c8532}.Debug|Any CPU.ActiveCfg = Debug|Any CPU
		{e3afc2f5-6f41-2e21-585b-2678af3c8532}.Debug|Any CPU.Build.0 = Debug|Any CPU
		{ebc9ea3b-56ba-2a71-ceeb-576b9e7a558f}.Debug|Any CPU.ActiveCfg = Debug|Any CPU
		{ebc9ea3b-56ba-2a71-ceeb-576b9e7a558f}.Debug|Any CPU.Build.0 = Debug|Any CPU
	EndGlobalSection
	GlobalSection(SolutionProperties) = preSolution
		HideSolutionNode = FALSE
	EndGlobalSection
EndGlobal
